
Microsoft Visual Studio Solution File, Format Version 12.00
# Visual Studio Version 17
VisualStudioVersion = 17.7.34221.43
MinimumVisualStudioVersion = 10.0.40219.1
Project("{9A19103F-16F7-4668-BE54-9A1E7A4F7556}") = "Cozma_Laurentiu_Lab2", "Cozma_Laurentiu_Lab2.csproj", "{37DE2523-3296-445D-B51D-C67CA1CF9577}"
EndProject
Project("{9A19103F-16F7-4668-BE54-9A1E7A4F7556}") = "LibraryModel", "LibraryModel\LibraryModel.csproj", "{2A09EF15-8A42-4EB3-9C69-45A81A413C90}"
EndProject
Project("{FAE04EC0-301F-11D3-BF4B-00C04F79EFBC}") = "LibraryWebAPI", "LibraryWebAPI\LibraryWebAPI.csproj", "{D4F7F7F2-D8B6-48E0-856F-7ED49E45DA49}"
EndProject
Global
	GlobalSection(SolutionConfigurationPlatforms) = preSolution
		Debug|Any CPU = Debug|Any CPU
		Release|Any CPU = Release|Any CPU
	EndGlobalSection
	GlobalSection(ProjectConfigurationPlatforms) = postSolution
		{37DE2523-3296-445D-B51D-C67CA1CF9577}.Debug|Any CPU.ActiveCfg = Debug|Any CPU
		{37DE2523-3296-445D-B51D-C67CA1CF9577}.Debug|Any CPU.Build.0 = Debug|Any CPU
		{37DE2523-3296-445D-B51D-C67CA1CF9577}.Release|Any CPU.ActiveCfg = Release|Any CPU
		{37DE2523-3296-445D-B51D-C67CA1CF9577}.Release|Any CPU.Build.0 = Release|Any CPU
		{2A09EF15-8A42-4EB3-9C69-45A81A413C90}.Debug|Any CPU.ActiveCfg = Debug|Any CPU
		{2A09EF15-8A42-4EB3-9C69-45A81A413C90}.Debug|Any CPU.Build.0 = Debug|Any CPU
		{2A09EF15-8A42-4EB3-9C69-45A81A413C90}.Release|Any CPU.ActiveCfg = Release|Any CPU
		{2A09EF15-8A42-4EB3-9C69-45A81A413C90}.Release|Any CPU.Build.0 = Release|Any CPU
		{D4F7F7F2-D8B6-48E0-856F-7ED49E45DA49}.Debug|Any CPU.ActiveCfg = Debug|Any CPU
		{D4F7F7F2-D8B6-48E0-856F-7ED49E45DA49}.Debug|Any CPU.Build.0 = Debug|Any CPU
		{D4F7F7F2-D8B6-48E0-856F-7ED49E45DA49}.Release|Any CPU.ActiveCfg = Release|Any CPU
		{D4F7F7F2-D8B6-48E0-856F-7ED49E45DA49}.Release|Any CPU.Build.0 = Release|Any CPU
	EndGlobalSection
	GlobalSection(SolutionProperties) = preSolution
		HideSolutionNode = FALSE
	EndGlobalSection
	GlobalSection(ExtensibilityGlobals) = postSolution
		SolutionGuid = {B60C2AF5-C177-40F8-A1AF-3482958068BC}
	EndGlobalSection
EndGlobal
